<?xml version="1.0" encoding="utf-8"?>
<Project ToolsVersion="4.0" xmlns="http://schemas.microsoft.com/developer/msbuild/2003">
  <ItemGroup>
    <ClCompile Include="console.cpp" />
    <ClCompile Include="exceptions.cpp" />
    <ClCompile Include="filterscripts.cpp" />
    <ClCompile Include="format.cpp" />
    <ClCompile Include="gamemodes.cpp" />
    <ClCompile Include="gangzonepool.cpp" />
    <ClCompile Include="main.cpp" />
    <ClCompile Include="menu.cpp" />
    <ClCompile Include="menupool.cpp" />
    <ClCompile Include="netgame.cpp" />
    <ClCompile Include="netrpc.cpp" />
    <ClCompile Include="object.cpp" />
    <ClCompile Include="objectpool.cpp" />
    <ClCompile Include="pickuppool.cpp" />
    <ClCompile Include="player.cpp" />
    <ClCompile Include="playerpool.cpp" />
    <ClCompile Include="plugins.cpp" />
    <ClCompile Include="query.cpp" />
    <ClCompile Include="runutil.cpp" />
    <ClCompile Include="scrcustom.cpp" />
    <ClCompile Include="scrcore.cpp" />
    <ClCompile Include="scrtimers.cpp" />
    <ClCompile Include="sqlite_amx.c" />
    <ClCompile Include="textdrawpool.cpp" />
    <ClCompile Include="vehicle.cpp" />
    <ClCompile Include="vehiclepool.cpp" />
    <ClCompile Include="..\sdk\sqlite\sqlite3.c">
      <Filter>sdk\sqlite</Filter>
    </ClCompile>
    <ClCompile Include="..\sdk\raknet\_findfirst.cpp">
      <Filter>sdk\raknet</Filter>
    </ClCompile>
    <ClCompile Include="..\sdk\raknet\AsynchronousFileIO.cpp">
      <Filter>sdk\raknet</Filter>
    </ClCompile>
    <ClCompile Include="..\sdk\raknet\BitStream.cpp">
      <Filter>sdk\raknet</Filter>
    </ClCompile>
    <ClCompile Include="..\sdk\raknet\BitStream_NoTemplate.cpp">
      <Filter>sdk\raknet</Filter>
    </ClCompile>
    <ClCompile Include="..\sdk\raknet\CheckSum.cpp">
      <Filter>sdk\raknet</Filter>
    </ClCompile>
    <ClCompile Include="..\sdk\raknet\CommandParserInterface.cpp">
      <Filter>sdk\raknet</Filter>
    </ClCompile>
    <ClCompile Include="..\sdk\raknet\ConnectionGraph.cpp">
      <Filter>sdk\raknet</Filter>
    </ClCompile>
    <ClCompile Include="..\sdk\raknet\ConsoleServer.cpp">
      <Filter>sdk\raknet</Filter>
    </ClCompile>
    <ClCompile Include="..\sdk\raknet\DataBlockEncryptor.cpp">
      <Filter>sdk\raknet</Filter>
    </ClCompile>
    <ClCompile Include="..\sdk\raknet\DataCompressor.cpp">
      <Filter>sdk\raknet</Filter>
    </ClCompile>
    <ClCompile Include="..\sdk\raknet\DirectoryDeltaTransfer.cpp">
      <Filter>sdk\raknet</Filter>
    </ClCompile>
    <ClCompile Include="..\sdk\raknet\DS_ByteQueue.cpp">
      <Filter>sdk\raknet</Filter>
    </ClCompile>
    <ClCompile Include="..\sdk\raknet\DS_HuffmanEncodingTree.cpp">
      <Filter>sdk\raknet</Filter>
    </ClCompile>
    <ClCompile Include="..\sdk\raknet\DS_Table.cpp">
      <Filter>sdk\raknet</Filter>
    </ClCompile>
    <ClCompile Include="..\sdk\raknet\EmailSender.cpp">
      <Filter>sdk\raknet</Filter>
    </ClCompile>
    <ClCompile Include="..\sdk\raknet\EncodeClassName.cpp">
      <Filter>sdk\raknet</Filter>
    </ClCompile>
    <ClCompile Include="..\sdk\raknet\ExtendedOverlappedPool.cpp">
      <Filter>sdk\raknet</Filter>
    </ClCompile>
    <ClCompile Include="..\sdk\raknet\FileList.cpp">
      <Filter>sdk\raknet</Filter>
    </ClCompile>
    <ClCompile Include="..\sdk\raknet\FileListTransfer.cpp">
      <Filter>sdk\raknet</Filter>
    </ClCompile>
    <ClCompile Include="..\sdk\raknet\FileOperations.cpp">
      <Filter>sdk\raknet</Filter>
    </ClCompile>
    <ClCompile Include="..\sdk\raknet\FullyConnectedMesh.cpp">
      <Filter>sdk\raknet</Filter>
    </ClCompile>
    <ClCompile Include="..\sdk\raknet\GetTime.cpp">
      <Filter>sdk\raknet</Filter>
    </ClCompile>
    <ClCompile Include="..\sdk\raknet\InternalPacketPool.cpp">
      <Filter>sdk\raknet</Filter>
    </ClCompile>
    <ClCompile Include="..\sdk\raknet\LightweightDatabaseClient.cpp">
      <Filter>sdk\raknet</Filter>
    </ClCompile>
    <ClCompile Include="..\sdk\raknet\LightweightDatabaseCommon.cpp">
      <Filter>sdk\raknet</Filter>
    </ClCompile>
    <ClCompile Include="..\sdk\raknet\LightweightDatabaseServer.cpp">
      <Filter>sdk\raknet</Filter>
    </ClCompile>
    <ClCompile Include="..\sdk\raknet\LinuxStrings.cpp">
      <Filter>sdk\raknet</Filter>
    </ClCompile>
    <ClCompile Include="..\sdk\raknet\LogCommandParser.cpp">
      <Filter>sdk\raknet</Filter>
    </ClCompile>
    <ClCompile Include="..\sdk\raknet\NatPunchthrough.cpp">
      <Filter>sdk\raknet</Filter>
    </ClCompile>
    <ClCompile Include="..\sdk\raknet\NetworkIDGenerator.cpp">
      <Filter>sdk\raknet</Filter>
    </ClCompile>
    <ClCompile Include="..\sdk\raknet\NetworkTypes.cpp">
      <Filter>sdk\raknet</Filter>
    </ClCompile>
    <ClCompile Include="..\sdk\raknet\PacketConsoleLogger.cpp">
      <Filter>sdk\raknet</Filter>
    </ClCompile>
    <ClCompile Include="..\sdk\raknet\PacketFileLogger.cpp">
      <Filter>sdk\raknet</Filter>
    </ClCompile>
    <ClCompile Include="..\sdk\raknet\PacketLogger.cpp">
      <Filter>sdk\raknet</Filter>
    </ClCompile>
    <ClCompile Include="..\sdk\raknet\PluginInterface.cpp">
      <Filter>sdk\raknet</Filter>
    </ClCompile>
    <ClCompile Include="..\sdk\raknet\RakClient.cpp">
      <Filter>sdk\raknet</Filter>
    </ClCompile>
    <ClCompile Include="..\sdk\raknet\RakNetCommandParser.cpp">
      <Filter>sdk\raknet</Filter>
    </ClCompile>
    <ClCompile Include="..\sdk\raknet\RakNetStatistics.cpp">
      <Filter>sdk\raknet</Filter>
    </ClCompile>
    <ClCompile Include="..\sdk\raknet\RakNetTransport.cpp">
      <Filter>sdk\raknet</Filter>
    </ClCompile>
    <ClCompile Include="..\sdk\raknet\RakNetworkFactory.cpp">
      <Filter>sdk\raknet</Filter>
    </ClCompile>
    <ClCompile Include="..\sdk\raknet\RakPeer.cpp">
      <Filter>sdk\raknet</Filter>
    </ClCompile>
    <ClCompile Include="..\sdk\raknet\RakServer.cpp">
      <Filter>sdk\raknet</Filter>
    </ClCompile>
    <ClCompile Include="..\sdk\raknet\RakSleep.cpp">
      <Filter>sdk\raknet</Filter>
    </ClCompile>
    <ClCompile Include="..\sdk\raknet\Rand.cpp">
      <Filter>sdk\raknet</Filter>
    </ClCompile>
    <ClCompile Include="..\sdk\raknet\ReliabilityLayer.cpp">
      <Filter>sdk\raknet</Filter>
    </ClCompile>
    <ClCompile Include="..\sdk\raknet\ReplicaManager.cpp">
      <Filter>sdk\raknet</Filter>
    </ClCompile>
    <ClCompile Include="..\sdk\raknet\rijndael.cpp">
      <Filter>sdk\raknet</Filter>
    </ClCompile>
    <ClCompile Include="..\sdk\raknet\Router.cpp">
      <Filter>sdk\raknet</Filter>
    </ClCompile>
    <ClCompile Include="..\sdk\raknet\RPCMap.cpp">
      <Filter>sdk\raknet</Filter>
    </ClCompile>
    <ClCompile Include="..\sdk\raknet\SHA1.cpp">
      <Filter>sdk\raknet</Filter>
    </ClCompile>
    <ClCompile Include="..\sdk\raknet\SimpleMutex.cpp">
      <Filter>sdk\raknet</Filter>
    </ClCompile>
    <ClCompile Include="..\sdk\raknet\SocketLayer.cpp">
      <Filter>sdk\raknet</Filter>
    </ClCompile>
    <ClCompile Include="..\sdk\raknet\StringCompressor.cpp">
      <Filter>sdk\raknet</Filter>
    </ClCompile>
    <ClCompile Include="..\sdk\raknet\StringTable.cpp">
      <Filter>sdk\raknet</Filter>
    </ClCompile>
    <ClCompile Include="..\sdk\raknet\SystemAddressList.cpp">
      <Filter>sdk\raknet</Filter>
    </ClCompile>
    <ClCompile Include="..\sdk\raknet\SystemDatabaseClient.cpp">
      <Filter>sdk\raknet</Filter>
    </ClCompile>
    <ClCompile Include="..\sdk\raknet\SystemDatabaseServer.cpp">
      <Filter>sdk\raknet</Filter>
    </ClCompile>
    <ClCompile Include="..\sdk\raknet\TableSerializer.cpp">
      <Filter>sdk\raknet</Filter>
    </ClCompile>
    <ClCompile Include="..\sdk\raknet\TCPInterface.cpp">
      <Filter>sdk\raknet</Filter>
    </ClCompile>
    <ClCompile Include="..\sdk\raknet\TEABlockEncryptor.cpp">
      <Filter>sdk\raknet</Filter>
    </ClCompile>
    <ClCompile Include="..\sdk\raknet\TelnetTransport.cpp">
      <Filter>sdk\raknet</Filter>
    </ClCompile>
    <ClCompile Include="..\sdk\amx\amx.c">
      <Filter>sdk\amx</Filter>
    </ClCompile>
    <ClCompile Include="..\sdk\amx\amxfile.c">
      <Filter>sdk\amx</Filter>
    </ClCompile>
    <ClCompile Include="..\sdk\amx\amxfloat.c">
      <Filter>sdk\amx</Filter>
    </ClCompile>
    <ClCompile Include="..\sdk\amx\amxstring.c">
      <Filter>sdk\amx</Filter>
    </ClCompile>
    <ClCompile Include="..\sdk\amx\amxtime.c">
      <Filter>sdk\amx</Filter>
    </ClCompile>
    <ClCompile Include="..\sdk\amx\amxcore.c">
      <Filter>sdk\amx</Filter>
    </ClCompile>
    <ClCompile Include="..\sdk\zlib\trees.c">
      <Filter>sdk\zlib</Filter>
    </ClCompile>
    <ClCompile Include="..\sdk\zlib\uncompr.c">
      <Filter>sdk\zlib</Filter>
    </ClCompile>
    <ClCompile Include="..\sdk\zlib\zutil.c">
      <Filter>sdk\zlib</Filter>
    </ClCompile>
    <ClCompile Include="..\sdk\zlib\adler32.c">
      <Filter>sdk\zlib</Filter>
    </ClCompile>
    <ClCompile Include="..\sdk\zlib\compress.c">
      <Filter>sdk\zlib</Filter>
    </ClCompile>
    <ClCompile Include="..\sdk\zlib\crc32.c">
      <Filter>sdk\zlib</Filter>
    </ClCompile>
    <ClCompile Include="..\sdk\zlib\deflate.c">
      <Filter>sdk\zlib</Filter>
    </ClCompile>
    <ClCompile Include="..\sdk\zlib\gzio.c">
      <Filter>sdk\zlib</Filter>
    </ClCompile>
    <ClCompile Include="..\sdk\zlib\infback.c">
      <Filter>sdk\zlib</Filter>
    </ClCompile>
    <ClCompile Include="..\sdk\zlib\inffast.c">
      <Filter>sdk\zlib</Filter>
    </ClCompile>
    <ClCompile Include="..\sdk\zlib\inflate.c">
      <Filter>sdk\zlib</Filter>
    </ClCompile>
    <ClCompile Include="..\sdk\zlib\inftrees.c">
      <Filter>sdk\zlib</Filter>
    </ClCompile>
  </ItemGroup>
  <ItemGroup>
    <ClInclude Include="console.h" />
    <ClInclude Include="filterscripts.h" />
    <ClInclude Include="format.h" />
    <ClInclude Include="gamemodes.h" />
    <ClInclude Include="gangzonepool.h" />
    <ClInclude Include="main.h" />
    <ClInclude Include="menu.h" />
    <ClInclude Include="menupool.h" />
    <ClInclude Include="netrpc.h" />
    <ClInclude Include="netgame.h" />
    <ClInclude Include="objectpool.h" />
    <ClInclude Include="object.h" />
    <ClInclude Include="pickuppool.h" />
    <ClInclude Include="playerpool.h" />
    <ClInclude Include="player.h" />
    <ClInclude Include="plugincommon.h" />
    <ClInclude Include="plugininternal.h" />
    <ClInclude Include="plugins.h" />
    <ClInclude Include="runutil.h" />
    <ClInclude Include="scrtimers.h" />
    <ClInclude Include="system.h" />
    <ClInclude Include="textdrawpool.h" />
    <ClInclude Include="vehiclepool.h" />
    <ClInclude Include="vehicle.h" />
    <ClInclude Include="vehmods.h" />
    <ClInclude Include="..\sdk\sqlite\sqlite3.h">
      <Filter>sdk\sqlite</Filter>
    </ClInclude>
    <ClInclude Include="..\sdk\sqlite\sqlite3ext.h">
      <Filter>sdk\sqlite</Filter>
    </ClInclude>
    <ClInclude Include="..\sdk\raknet\_findfirst.h">
      <Filter>sdk\raknet</Filter>
    </ClInclude>
    <ClInclude Include="..\sdk\raknet\AsynchronousFileIO.h">
      <Filter>sdk\raknet</Filter>
    </ClInclude>
    <ClInclude Include="..\sdk\raknet\AutopatcherPatchContext.h">
      <Filter>sdk\raknet</Filter>
    </ClInclude>
    <ClInclude Include="..\sdk\raknet\AutopatcherRepositoryInterface.h">
      <Filter>sdk\raknet</Filter>
    </ClInclude>
    <ClInclude Include="..\sdk\raknet\BigTypes.h">
      <Filter>sdk\raknet</Filter>
    </ClInclude>
    <ClInclude Include="..\sdk\raknet\BitStream.h">
      <Filter>sdk\raknet</Filter>
    </ClInclude>
    <ClInclude Include="..\sdk\raknet\BitStream_NoTemplate.h">
      <Filter>sdk\raknet</Filter>
    </ClInclude>
    <ClInclude Include="..\sdk\raknet\CheckSum.h">
      <Filter>sdk\raknet</Filter>
    </ClInclude>
    <ClInclude Include="..\sdk\raknet\ClientContextStruct.h">
      <Filter>sdk\raknet</Filter>
    </ClInclude>
    <ClInclude Include="..\sdk\raknet\CommandParserInterface.h">
      <Filter>sdk\raknet</Filter>
    </ClInclude>
    <ClInclude Include="..\sdk\raknet\ConnectionGraph.h">
      <Filter>sdk\raknet</Filter>
    </ClInclude>
    <ClInclude Include="..\sdk\raknet\ConsoleServer.h">
      <Filter>sdk\raknet</Filter>
    </ClInclude>
    <ClInclude Include="..\sdk\raknet\DataBlockEncryptor.h">
      <Filter>sdk\raknet</Filter>
    </ClInclude>
    <ClInclude Include="..\sdk\raknet\DataCompressor.h">
      <Filter>sdk\raknet</Filter>
    </ClInclude>
    <ClInclude Include="..\sdk\raknet\DirectoryDeltaTransfer.h">
      <Filter>sdk\raknet</Filter>
    </ClInclude>
    <ClInclude Include="..\sdk\raknet\DS_BinarySearchTree.h">
      <Filter>sdk\raknet</Filter>
    </ClInclude>
    <ClInclude Include="..\sdk\raknet\DS_BPlusTree.h">
      <Filter>sdk\raknet</Filter>
    </ClInclude>
    <ClInclude Include="..\sdk\raknet\DS_ByteQueue.h">
      <Filter>sdk\raknet</Filter>
    </ClInclude>
    <ClInclude Include="..\sdk\raknet\DS_Heap.h">
      <Filter>sdk\raknet</Filter>
    </ClInclude>
    <ClInclude Include="..\sdk\raknet\DS_HuffmanEncodingTree.h">
      <Filter>sdk\raknet</Filter>
    </ClInclude>
    <ClInclude Include="..\sdk\raknet\DS_HuffmanEncodingTreeFactory.h">
      <Filter>sdk\raknet</Filter>
    </ClInclude>
    <ClInclude Include="..\sdk\raknet\DS_HuffmanEncodingTreeNode.h">
      <Filter>sdk\raknet</Filter>
    </ClInclude>
    <ClInclude Include="..\sdk\raknet\DS_LinkedList.h">
      <Filter>sdk\raknet</Filter>
    </ClInclude>
    <ClInclude Include="..\sdk\raknet\DS_List.h">
      <Filter>sdk\raknet</Filter>
    </ClInclude>
    <ClInclude Include="..\sdk\raknet\DS_Map.h">
      <Filter>sdk\raknet</Filter>
    </ClInclude>
    <ClInclude Include="..\sdk\raknet\DS_MemoryPool.h">
      <Filter>sdk\raknet</Filter>
    </ClInclude>
    <ClInclude Include="..\sdk\raknet\DS_OrderedChannelHeap.h">
      <Filter>sdk\raknet</Filter>
    </ClInclude>
    <ClInclude Include="..\sdk\raknet\DS_OrderedList.h">
      <Filter>sdk\raknet</Filter>
    </ClInclude>
    <ClInclude Include="..\sdk\raknet\DS_Queue.h">
      <Filter>sdk\raknet</Filter>
    </ClInclude>
    <ClInclude Include="..\sdk\raknet\DS_QueueLinkedList.h">
      <Filter>sdk\raknet</Filter>
    </ClInclude>
    <ClInclude Include="..\sdk\raknet\DS_RangeList.h">
      <Filter>sdk\raknet</Filter>
    </ClInclude>
    <ClInclude Include="..\sdk\raknet\DS_Table.h">
      <Filter>sdk\raknet</Filter>
    </ClInclude>
    <ClInclude Include="..\sdk\raknet\DS_Tree.h">
      <Filter>sdk\raknet</Filter>
    </ClInclude>
    <ClInclude Include="..\sdk\raknet\DS_WeightedGraph.h">
      <Filter>sdk\raknet</Filter>
    </ClInclude>
    <ClInclude Include="..\sdk\raknet\EmailSender.h">
      <Filter>sdk\raknet</Filter>
    </ClInclude>
    <ClInclude Include="..\sdk\raknet\Export.h">
      <Filter>sdk\raknet</Filter>
    </ClInclude>
    <ClInclude Include="..\sdk\raknet\ExtendedOverlappedPool.h">
      <Filter>sdk\raknet</Filter>
    </ClInclude>
    <ClInclude Include="..\sdk\raknet\FileList.h">
      <Filter>sdk\raknet</Filter>
    </ClInclude>
    <ClInclude Include="..\sdk\raknet\FileListTransfer.h">
      <Filter>sdk\raknet</Filter>
    </ClInclude>
    <ClInclude Include="..\sdk\raknet\FileListTransferCBInterface.h">
      <Filter>sdk\raknet</Filter>
    </ClInclude>
    <ClInclude Include="..\sdk\raknet\FileOperations.h">
      <Filter>sdk\raknet</Filter>
    </ClInclude>
    <ClInclude Include="..\sdk\raknet\FullyConnectedMesh.h">
      <Filter>sdk\raknet</Filter>
    </ClInclude>
    <ClInclude Include="..\sdk\raknet\GetTime.h">
      <Filter>sdk\raknet</Filter>
    </ClInclude>
    <ClInclude Include="..\sdk\raknet\InternalPacket.h">
      <Filter>sdk\raknet</Filter>
    </ClInclude>
    <ClInclude Include="..\sdk\raknet\InternalPacketPool.h">
      <Filter>sdk\raknet</Filter>
    </ClInclude>
    <ClInclude Include="..\sdk\raknet\LightweightDatabaseClient.h">
      <Filter>sdk\raknet</Filter>
    </ClInclude>
    <ClInclude Include="..\sdk\raknet\LightweightDatabaseCommon.h">
      <Filter>sdk\raknet</Filter>
    </ClInclude>
    <ClInclude Include="..\sdk\raknet\LightweightDatabaseServer.h">
      <Filter>sdk\raknet</Filter>
    </ClInclude>
    <ClInclude Include="..\sdk\raknet\LinuxStrings.h">
      <Filter>sdk\raknet</Filter>
    </ClInclude>
    <ClInclude Include="..\sdk\raknet\LogCommandParser.h">
      <Filter>sdk\raknet</Filter>
    </ClInclude>
    <ClInclude Include="..\sdk\raknet\MTUSize.h">
      <Filter>sdk\raknet</Filter>
    </ClInclude>
    <ClInclude Include="..\sdk\raknet\Multiplayer.h">
      <Filter>sdk\raknet</Filter>
    </ClInclude>
    <ClInclude Include="..\sdk\raknet\NatPunchthrough.h">
      <Filter>sdk\raknet</Filter>
    </ClInclude>
    <ClInclude Include="..\sdk\raknet\NetworkIDGenerator.h">
      <Filter>sdk\raknet</Filter>
    </ClInclude>
    <ClInclude Include="..\sdk\raknet\NetworkTypes.h">
      <Filter>sdk\raknet</Filter>
    </ClInclude>
    <ClInclude Include="..\sdk\raknet\PacketConsoleLogger.h">
      <Filter>sdk\raknet</Filter>
    </ClInclude>
    <ClInclude Include="..\sdk\raknet\PacketEnumerations.h">
      <Filter>sdk\raknet</Filter>
    </ClInclude>
    <ClInclude Include="..\sdk\raknet\PacketFileLogger.h">
      <Filter>sdk\raknet</Filter>
    </ClInclude>
    <ClInclude Include="..\sdk\raknet\PacketLogger.h">
      <Filter>sdk\raknet</Filter>
    </ClInclude>
    <ClInclude Include="..\sdk\raknet\PacketPool.h">
      <Filter>sdk\raknet</Filter>
    </ClInclude>
    <ClInclude Include="..\sdk\raknet\PacketPriority.h">
      <Filter>sdk\raknet</Filter>
    </ClInclude>
    <ClInclude Include="..\sdk\raknet\PluginInterface.h">
      <Filter>sdk\raknet</Filter>
    </ClInclude>
    <ClInclude Include="..\sdk\raknet\RakAssert.h">
      <Filter>sdk\raknet</Filter>
    </ClInclude>
    <ClInclude Include="..\sdk\raknet\RakClient.h">
      <Filter>sdk\raknet</Filter>
    </ClInclude>
    <ClInclude Include="..\sdk\raknet\RakClientInterface.h">
      <Filter>sdk\raknet</Filter>
    </ClInclude>
    <ClInclude Include="..\sdk\raknet\RakNetCommandParser.h">
      <Filter>sdk\raknet</Filter>
    </ClInclude>
    <ClInclude Include="..\sdk\raknet\RakNetDefines.h">
      <Filter>sdk\raknet</Filter>
    </ClInclude>
    <ClInclude Include="..\sdk\raknet\RakNetStatistics.h">
      <Filter>sdk\raknet</Filter>
    </ClInclude>
    <ClInclude Include="..\sdk\raknet\RakNetTransport.h">
      <Filter>sdk\raknet</Filter>
    </ClInclude>
    <ClInclude Include="..\sdk\raknet\RakNetworkFactory.h">
      <Filter>sdk\raknet</Filter>
    </ClInclude>
    <ClInclude Include="..\sdk\raknet\RakPeer.h">
      <Filter>sdk\raknet</Filter>
    </ClInclude>
    <ClInclude Include="..\sdk\raknet\RakPeerInterface.h">
      <Filter>sdk\raknet</Filter>
    </ClInclude>
    <ClInclude Include="..\sdk\raknet\RakServer.h">
      <Filter>sdk\raknet</Filter>
    </ClInclude>
    <ClInclude Include="..\sdk\raknet\RakServerInterface.h">
      <Filter>sdk\raknet</Filter>
    </ClInclude>
    <ClInclude Include="..\sdk\raknet\RakSleep.h">
      <Filter>sdk\raknet</Filter>
    </ClInclude>
    <ClInclude Include="..\sdk\raknet\Rand.h">
      <Filter>sdk\raknet</Filter>
    </ClInclude>
    <ClInclude Include="..\sdk\raknet\ReliabilityLayer.h">
      <Filter>sdk\raknet</Filter>
    </ClInclude>
    <ClInclude Include="..\sdk\raknet\Replica.h">
      <Filter>sdk\raknet</Filter>
    </ClInclude>
    <ClInclude Include="..\sdk\raknet\ReplicaEnums.h">
      <Filter>sdk\raknet</Filter>
    </ClInclude>
    <ClInclude Include="..\sdk\raknet\ReplicaManager.h">
      <Filter>sdk\raknet</Filter>
    </ClInclude>
    <ClInclude Include="..\sdk\raknet\rijndael.h">
      <Filter>sdk\raknet</Filter>
    </ClInclude>
    <ClInclude Include="..\sdk\raknet\rijndael-boxes.h">
      <Filter>sdk\raknet</Filter>
    </ClInclude>
    <ClInclude Include="..\sdk\raknet\Router.h">
      <Filter>sdk\raknet</Filter>
    </ClInclude>
    <ClInclude Include="..\sdk\raknet\RouterInterface.h">
      <Filter>sdk\raknet</Filter>
    </ClInclude>
    <ClInclude Include="..\sdk\raknet\RPCMap.h">
      <Filter>sdk\raknet</Filter>
    </ClInclude>
    <ClInclude Include="..\sdk\raknet\RPCNode.h">
      <Filter>sdk\raknet</Filter>
    </ClInclude>
    <ClInclude Include="..\sdk\raknet\RSACrypt.h">
      <Filter>sdk\raknet</Filter>
    </ClInclude>
    <ClInclude Include="..\sdk\raknet\SAMPRPC.h">
      <Filter>sdk\raknet</Filter>
    </ClInclude>
    <ClInclude Include="..\sdk\raknet\SHA1.h">
      <Filter>sdk\raknet</Filter>
    </ClInclude>
    <ClInclude Include="..\sdk\raknet\SimpleMutex.h">
      <Filter>sdk\raknet</Filter>
    </ClInclude>
    <ClInclude Include="..\sdk\raknet\SimpleTCPServer.h">
      <Filter>sdk\raknet</Filter>
    </ClInclude>
    <ClInclude Include="..\sdk\raknet\SingleProducerConsumer.h">
      <Filter>sdk\raknet</Filter>
    </ClInclude>
    <ClInclude Include="..\sdk\raknet\SocketLayer.h">
      <Filter>sdk\raknet</Filter>
    </ClInclude>
    <ClInclude Include="..\sdk\raknet\StringCompressor.h">
      <Filter>sdk\raknet</Filter>
    </ClInclude>
    <ClInclude Include="..\sdk\raknet\StringTable.h">
      <Filter>sdk\raknet</Filter>
    </ClInclude>
    <ClInclude Include="..\sdk\raknet\SystemAddressList.h">
      <Filter>sdk\raknet</Filter>
    </ClInclude>
    <ClInclude Include="..\sdk\raknet\SystemDatabaseClient.h">
      <Filter>sdk\raknet</Filter>
    </ClInclude>
    <ClInclude Include="..\sdk\raknet\SystemDatabaseServer.h">
      <Filter>sdk\raknet</Filter>
    </ClInclude>
    <ClInclude Include="..\sdk\raknet\TableSerializer.h">
      <Filter>sdk\raknet</Filter>
    </ClInclude>
    <ClInclude Include="..\sdk\raknet\TCPInterface.h">
      <Filter>sdk\raknet</Filter>
    </ClInclude>
    <ClInclude Include="..\sdk\raknet\TEABlockEncryptor.h">
      <Filter>sdk\raknet</Filter>
    </ClInclude>
    <ClInclude Include="..\sdk\raknet\TelnetTransport.h">
      <Filter>sdk\raknet</Filter>
    </ClInclude>
    <ClInclude Include="..\sdk\raknet\ThreadPool.h">
      <Filter>sdk\raknet</Filter>
    </ClInclude>
    <ClInclude Include="..\sdk\raknet\TransportInterface.h">
      <Filter>sdk\raknet</Filter>
    </ClInclude>
    <ClInclude Include="..\sdk\raknet\Types.h">
      <Filter>sdk\raknet</Filter>
    </ClInclude>
    <ClInclude Include="..\sdk\amx\amx.h">
      <Filter>sdk\amx</Filter>
    </ClInclude>
    <ClInclude Include="..\sdk\zlib\inftrees.h">
      <Filter>sdk\zlib</Filter>
    </ClInclude>
    <ClInclude Include="..\sdk\zlib\trees.h">
      <Filter>sdk\zlib</Filter>
    </ClInclude>
    <ClInclude Include="..\sdk\zlib\zconf.h">
      <Filter>sdk\zlib</Filter>
    </ClInclude>
    <ClInclude Include="..\sdk\zlib\zconf.in.h">
      <Filter>sdk\zlib</Filter>
    </ClInclude>
    <ClInclude Include="..\sdk\zlib\zlib.h">
      <Filter>sdk\zlib</Filter>
    </ClInclude>
    <ClInclude Include="..\sdk\zlib\zutil.h">
      <Filter>sdk\zlib</Filter>
    </ClInclude>
    <ClInclude Include="..\sdk\zlib\crc32.h">
      <Filter>sdk\zlib</Filter>
    </ClInclude>
    <ClInclude Include="..\sdk\zlib\deflate.h">
      <Filter>sdk\zlib</Filter>
    </ClInclude>
    <ClInclude Include="..\sdk\zlib\inffast.h">
      <Filter>sdk\zlib</Filter>
    </ClInclude>
    <ClInclude Include="..\sdk\zlib\inffixed.h">
      <Filter>sdk\zlib</Filter>
    </ClInclude>
    <ClInclude Include="..\sdk\zlib\inflate.h">
      <Filter>sdk\zlib</Filter>
    </ClInclude>
  </ItemGroup>
  <ItemGroup>
    <Filter Include="sdk">
      <UniqueIdentifier>{d10cd4e7-76e9-4746-b061-3d95934181a8}</UniqueIdentifier>
    </Filter>
    <Filter Include="sdk\sqlite">
      <UniqueIdentifier>{b6cee485-f36f-4854-94f2-1175b4d2e152}</UniqueIdentifier>
    </Filter>
    <Filter Include="sdk\raknet">
      <UniqueIdentifier>{6e933ca2-d84b-4be7-bb0a-45c9cfcd11aa}</UniqueIdentifier>
    </Filter>
    <Filter Include="sdk\amx">
      <UniqueIdentifier>{76fe6b33-2ee8-459a-a9f1-c9383c8665a9}</UniqueIdentifier>
    </Filter>
    <Filter Include="sdk\zlib">
      <UniqueIdentifier>{2d7eee43-7c5a-4025-9217-21cb99820dcd}</UniqueIdentifier>
    </Filter>
  </ItemGroup>
  <ItemGroup>
    <None Include="..\sdk\raknet\Makefile.am">
      <Filter>sdk\raknet</Filter>
    </None>
  </ItemGroup>
</Project>